
Microsoft Visual Studio Solution File, Format Version 12.00
# Visual Studio 15
Project("{FAE04EC0-301F-11D3-BF4B-00C04F79EFBC}") = "Assembly-CSharp", "Assembly-CSharp.csproj", "{AE3F6940-58E1-D2D8-A4B7-72BC1EF4B213}"
EndProject
Project("{FAE04EC0-301F-11D3-BF4B-00C04F79EFBC}") = "Assembly-CSharp-Editor", "Assembly-CSharp-Editor.csproj", "{22E49446-1D37-3289-0D95-92A6844A9702}"
EndProject
Global
	GlobalSection(SolutionConfigurationPlatforms) = preSolution
		Debug|Any CPU = Debug|Any CPU
		Release|Any CPU = Release|Any CPU
	EndGlobalSection
	GlobalSection(ProjectConfigurationPlatforms) = postSolution
		{AE3F6940-58E1-D2D8-A4B7-72BC1EF4B213}.Debug|Any CPU.ActiveCfg = Debug|Any CPU
		{AE3F6940-58E1-D2D8-A4B7-72BC1EF4B213}.Debug|Any CPU.Build.0 = Debug|Any CPU
		{AE3F6940-58E1-D2D8-A4B7-72BC1EF4B213}.Release|Any CPU.ActiveCfg = Release|Any CPU
		{AE3F6940-58E1-D2D8-A4B7-72BC1EF4B213}.Release|Any CPU.Build.0 = Release|Any CPU
		{22E49446-1D37-3289-0D95-92A6844A9702}.Debug|Any CPU.ActiveCfg = Debug|Any CPU
		{22E49446-1D37-3289-0D95-92A6844A9702}.Debug|Any CPU.Build.0 = Debug|Any CPU
		{22E49446-1D37-3289-0D95-92A6844A9702}.Release|Any CPU.ActiveCfg = Release|Any CPU
		{22E49446-1D37-3289-0D95-92A6844A9702}.Release|Any CPU.Build.0 = Release|Any CPU
	EndGlobalSection
	GlobalSection(SolutionProperties) = preSolution
		HideSolutionNode = FALSE
	EndGlobalSection
EndGlobal
